{
  "nodes": {
    "nixpkgs": {
      "locked": {
        "lastModified": 1694307703,
        "narHash": "sha256-J43tjPrhS+f9Kg8lrQsLejRV4LSg0cDSO9adFXioTeI=",
        "owner": "NixOS",
        "repo": "nixpkgs",
        "rev": "92bfb269508151e12949f93f0a8f5d518cca3508",
        "type": "github"
      },
      "original": {
        "owner": "NixOS",
        "ref": "master",
        "repo": "nixpkgs",
        "type": "github"
      }
    },
    "root": {
      "inputs": {
        "nixpkgs": "nixpkgs"
      }
    }
  },
  "root": "root",
  "version": 7
}
