{
  "nodes": {
    "nixpkgs": {
      "locked": {
        "lastModified": 1692810601,
        "narHash": "sha256-vUO8VDpe/cSZvuTYsnvYRo1lK9DAY+lvwzEeF3EbMVk=",
        "owner": "NixOS",
        "repo": "nixpkgs",
        "rev": "ff67dad5711efe6daf0b1a0038b17093617ae502",
        "type": "github"
      },
      "original": {
        "owner": "NixOS",
        "ref": "master",
        "repo": "nixpkgs",
        "type": "github"
      }
    },
    "root": {
      "inputs": {
        "nixpkgs": "nixpkgs"
      }
    }
  },
  "root": "root",
  "version": 7
}
